
Microsoft Visual Studio Solution File, Format Version 12.00
# Visual Studio Version 17
VisualStudioVersion = 17.9.34723.18
MinimumVisualStudioVersion = 10.0.40219.1
Project("{8BC9CEB8-8B4A-11D0-8D11-00A0C91BC942}") = "Bouncing ball", "Bouncing ball.vcxproj", "{15404073-7502-4F9F-BDB4-A15E653F147D}"
EndProject
Global
	GlobalSection(SolutionConfigurationPlatforms) = preSolution
		Debug|x64 = Debug|x64
		Debug|x86 = Debug|x86
		Release|x64 = Release|x64
		Release|x86 = Release|x86
	EndGlobalSection
	GlobalSection(ProjectConfigurationPlatforms) = postSolution
		{15404073-7502-4F9F-BDB4-A15E653F147D}.Debug|x64.ActiveCfg = Debug|x64
		{15404073-7502-4F9F-BDB4-A15E653F147D}.Debug|x64.Build.0 = Debug|x64
		{15404073-7502-4F9F-BDB4-A15E653F147D}.Debug|x86.ActiveCfg = Debug|Win32
		{15404073-7502-4F9F-BDB4-A15E653F147D}.Debug|x86.Build.0 = Debug|Win32
		{15404073-7502-4F9F-BDB4-A15E653F147D}.Release|x64.ActiveCfg = Release|x64
		{15404073-7502-4F9F-BDB4-A15E653F147D}.Release|x64.Build.0 = Release|x64
		{15404073-7502-4F9F-BDB4-A15E653F147D}.Release|x86.ActiveCfg = Release|Win32
		{15404073-7502-4F9F-BDB4-A15E653F147D}.Release|x86.Build.0 = Release|Win32
	EndGlobalSection
	GlobalSection(SolutionProperties) = preSolution
		HideSolutionNode = FALSE
	EndGlobalSection
	GlobalSection(ExtensibilityGlobals) = postSolution
		SolutionGuid = {FC964CA6-3636-4525-8FB0-9095CC7C7463}
	EndGlobalSection
EndGlobal
